
Microsoft Visual Studio Solution File, Format Version 12.00
# Visual Studio Version 17
VisualStudioVersion = 17.7.34202.233
MinimumVisualStudioVersion = 10.0.40219.1
Project("{FAE04EC0-301F-11D3-BF4B-00C04F79EFBC}") = "Northwind.Common.EntityModels.SqlServer", "Northwind.Common.EntityModels.SqlServer\Northwind.Common.EntityModels.SqlServer.csproj", "{F3394B90-B7CB-464E-9F79-319F66F77791}"
EndProject
Global
	GlobalSection(SolutionConfigurationPlatforms) = preSolution
		Debug|Any CPU = Debug|Any CPU
		Release|Any CPU = Release|Any CPU
	EndGlobalSection
	GlobalSection(ProjectConfigurationPlatforms) = postSolution
		{F3394B90-B7CB-464E-9F79-319F66F77791}.Debug|Any CPU.ActiveCfg = Debug|Any CPU
		{F3394B90-B7CB-464E-9F79-319F66F77791}.Debug|Any CPU.Build.0 = Debug|Any CPU
		{F3394B90-B7CB-464E-9F79-319F66F77791}.Release|Any CPU.ActiveCfg = Release|Any CPU
		{F3394B90-B7CB-464E-9F79-319F66F77791}.Release|Any CPU.Build.0 = Release|Any CPU
	EndGlobalSection
	GlobalSection(SolutionProperties) = preSolution
		HideSolutionNode = FALSE
	EndGlobalSection
	GlobalSection(ExtensibilityGlobals) = postSolution
		SolutionGuid = {04211EEF-526F-4085-B392-1B2B005F206D}
	EndGlobalSection
EndGlobal
