
Microsoft Visual Studio Solution File, Format Version 12.00
# Visual Studio Version 17
VisualStudioVersion = 17.7.34202.233
MinimumVisualStudioVersion = 10.0.40219.1
Project("{FAE04EC0-301F-11D3-BF4B-00C04F79EFBC}") = "Northwind.Console.SqlClient", "Northwind.Console.SqlClient\Northwind.Console.SqlClient.csproj", "{F5CA8CCD-418C-4BF9-880A-DBF7ABCF1452}"
EndProject
Global
	GlobalSection(SolutionConfigurationPlatforms) = preSolution
		Debug|Any CPU = Debug|Any CPU
		Release|Any CPU = Release|Any CPU
	EndGlobalSection
	GlobalSection(ProjectConfigurationPlatforms) = postSolution
		{F5CA8CCD-418C-4BF9-880A-DBF7ABCF1452}.Debug|Any CPU.ActiveCfg = Debug|Any CPU
		{F5CA8CCD-418C-4BF9-880A-DBF7ABCF1452}.Debug|Any CPU.Build.0 = Debug|Any CPU
		{F5CA8CCD-418C-4BF9-880A-DBF7ABCF1452}.Release|Any CPU.ActiveCfg = Release|Any CPU
		{F5CA8CCD-418C-4BF9-880A-DBF7ABCF1452}.Release|Any CPU.Build.0 = Release|Any CPU
	EndGlobalSection
	GlobalSection(SolutionProperties) = preSolution
		HideSolutionNode = FALSE
	EndGlobalSection
	GlobalSection(ExtensibilityGlobals) = postSolution
		SolutionGuid = {CBCA7824-C815-449B-AE8C-AB7821742095}
	EndGlobalSection
EndGlobal
