
Microsoft Visual Studio Solution File, Format Version 12.00
# Visual Studio Version 17
VisualStudioVersion = 17.7.34202.233
MinimumVisualStudioVersion = 10.0.40219.1
Project("{FAE04EC0-301F-11D3-BF4B-00C04F79EFBC}") = "Northwind.BlazorLibraries.Server", "Northwind.BlazorLibraries\Server\Northwind.BlazorLibraries.Server.csproj", "{713CE4EE-D221-478F-B8A8-A54037040CF1}"
EndProject
Project("{FAE04EC0-301F-11D3-BF4B-00C04F79EFBC}") = "Northwind.BlazorLibraries.Client", "Northwind.BlazorLibraries\Client\Northwind.BlazorLibraries.Client.csproj", "{802474B3-B4CC-43E3-B88B-DB0FB8A3615E}"
EndProject
Project("{FAE04EC0-301F-11D3-BF4B-00C04F79EFBC}") = "Northwind.BlazorLibraries.Shared", "Northwind.BlazorLibraries\Shared\Northwind.BlazorLibraries.Shared.csproj", "{BD86F140-10D8-4A22-9370-BC8BF8DC4C17}"
EndProject
Global
	GlobalSection(SolutionConfigurationPlatforms) = preSolution
		Debug|Any CPU = Debug|Any CPU
		Release|Any CPU = Release|Any CPU
	EndGlobalSection
	GlobalSection(ProjectConfigurationPlatforms) = postSolution
		{713CE4EE-D221-478F-B8A8-A54037040CF1}.Debug|Any CPU.ActiveCfg = Debug|Any CPU
		{713CE4EE-D221-478F-B8A8-A54037040CF1}.Debug|Any CPU.Build.0 = Debug|Any CPU
		{713CE4EE-D221-478F-B8A8-A54037040CF1}.Release|Any CPU.ActiveCfg = Release|Any CPU
		{713CE4EE-D221-478F-B8A8-A54037040CF1}.Release|Any CPU.Build.0 = Release|Any CPU
		{802474B3-B4CC-43E3-B88B-DB0FB8A3615E}.Debug|Any CPU.ActiveCfg = Debug|Any CPU
		{802474B3-B4CC-43E3-B88B-DB0FB8A3615E}.Debug|Any CPU.Build.0 = Debug|Any CPU
		{802474B3-B4CC-43E3-B88B-DB0FB8A3615E}.Release|Any CPU.ActiveCfg = Release|Any CPU
		{802474B3-B4CC-43E3-B88B-DB0FB8A3615E}.Release|Any CPU.Build.0 = Release|Any CPU
		{BD86F140-10D8-4A22-9370-BC8BF8DC4C17}.Debug|Any CPU.ActiveCfg = Debug|Any CPU
		{BD86F140-10D8-4A22-9370-BC8BF8DC4C17}.Debug|Any CPU.Build.0 = Debug|Any CPU
		{BD86F140-10D8-4A22-9370-BC8BF8DC4C17}.Release|Any CPU.ActiveCfg = Release|Any CPU
		{BD86F140-10D8-4A22-9370-BC8BF8DC4C17}.Release|Any CPU.Build.0 = Release|Any CPU
	EndGlobalSection
	GlobalSection(SolutionProperties) = preSolution
		HideSolutionNode = FALSE
	EndGlobalSection
	GlobalSection(ExtensibilityGlobals) = postSolution
		SolutionGuid = {047774FC-506E-4872-9373-0527EC01C296}
	EndGlobalSection
EndGlobal
