
Microsoft Visual Studio Solution File, Format Version 12.00
# Visual Studio Version 17
VisualStudioVersion = 17.7.34202.233
MinimumVisualStudioVersion = 10.0.40219.1
Project("{FAE04EC0-301F-11D3-BF4B-00C04F79EFBC}") = "GeneratingPdf.Document", "GeneratingPdf.Document\GeneratingPdf.Document.csproj", "{2759A673-4354-4E6D-934D-6F19601990ED}"
EndProject
Global
	GlobalSection(SolutionConfigurationPlatforms) = preSolution
		Debug|Any CPU = Debug|Any CPU
		Release|Any CPU = Release|Any CPU
	EndGlobalSection
	GlobalSection(ProjectConfigurationPlatforms) = postSolution
		{2759A673-4354-4E6D-934D-6F19601990ED}.Debug|Any CPU.ActiveCfg = Debug|Any CPU
		{2759A673-4354-4E6D-934D-6F19601990ED}.Debug|Any CPU.Build.0 = Debug|Any CPU
		{2759A673-4354-4E6D-934D-6F19601990ED}.Release|Any CPU.ActiveCfg = Release|Any CPU
		{2759A673-4354-4E6D-934D-6F19601990ED}.Release|Any CPU.Build.0 = Release|Any CPU
	EndGlobalSection
	GlobalSection(SolutionProperties) = preSolution
		HideSolutionNode = FALSE
	EndGlobalSection
	GlobalSection(ExtensibilityGlobals) = postSolution
		SolutionGuid = {067EC9BC-4EB4-4749-91C4-A7BD3DFF7B03}
	EndGlobalSection
EndGlobal
