
Microsoft Visual Studio Solution File, Format Version 12.00
# Visual Studio Version 17
VisualStudioVersion = 17.7.34202.233
MinimumVisualStudioVersion = 10.0.40219.1
Project("{FAE04EC0-301F-11D3-BF4B-00C04F79EFBC}") = "Northwind.Console.EFCore", "Northwind.Console.EFCore\Northwind.Console.EFCore.csproj", "{9EC99BA8-C371-41A7-88F0-83D08B749FB8}"
EndProject
Global
	GlobalSection(SolutionConfigurationPlatforms) = preSolution
		Debug|Any CPU = Debug|Any CPU
		Release|Any CPU = Release|Any CPU
	EndGlobalSection
	GlobalSection(ProjectConfigurationPlatforms) = postSolution
		{9EC99BA8-C371-41A7-88F0-83D08B749FB8}.Debug|Any CPU.ActiveCfg = Debug|Any CPU
		{9EC99BA8-C371-41A7-88F0-83D08B749FB8}.Debug|Any CPU.Build.0 = Debug|Any CPU
		{9EC99BA8-C371-41A7-88F0-83D08B749FB8}.Release|Any CPU.ActiveCfg = Release|Any CPU
		{9EC99BA8-C371-41A7-88F0-83D08B749FB8}.Release|Any CPU.Build.0 = Release|Any CPU
	EndGlobalSection
	GlobalSection(SolutionProperties) = preSolution
		HideSolutionNode = FALSE
	EndGlobalSection
	GlobalSection(ExtensibilityGlobals) = postSolution
		SolutionGuid = {C797A269-32B6-4FD9-B78E-CC5C15207162}
	EndGlobalSection
EndGlobal
