
Microsoft Visual Studio Solution File, Format Version 12.00
# Visual Studio Version 17
VisualStudioVersion = 17.7.34202.233
MinimumVisualStudioVersion = 10.0.40219.1
Project("{FAE04EC0-301F-11D3-BF4B-00C04F79EFBC}") = "MappingObjects.Mappers", "MappingObjects.Mappers\MappingObjects.Mappers.csproj", "{FCFAFEB8-F498-40CC-B11A-56C0F401C3D3}"
EndProject
Global
	GlobalSection(SolutionConfigurationPlatforms) = preSolution
		Debug|Any CPU = Debug|Any CPU
		Release|Any CPU = Release|Any CPU
	EndGlobalSection
	GlobalSection(ProjectConfigurationPlatforms) = postSolution
		{FCFAFEB8-F498-40CC-B11A-56C0F401C3D3}.Debug|Any CPU.ActiveCfg = Debug|Any CPU
		{FCFAFEB8-F498-40CC-B11A-56C0F401C3D3}.Debug|Any CPU.Build.0 = Debug|Any CPU
		{FCFAFEB8-F498-40CC-B11A-56C0F401C3D3}.Release|Any CPU.ActiveCfg = Release|Any CPU
		{FCFAFEB8-F498-40CC-B11A-56C0F401C3D3}.Release|Any CPU.Build.0 = Release|Any CPU
	EndGlobalSection
	GlobalSection(SolutionProperties) = preSolution
		HideSolutionNode = FALSE
	EndGlobalSection
	GlobalSection(ExtensibilityGlobals) = postSolution
		SolutionGuid = {83E581E2-6599-4F5F-94A7-BF0A42E4ACA1}
	EndGlobalSection
EndGlobal
