
Microsoft Visual Studio Solution File, Format Version 12.00
# Visual Studio Version 17
VisualStudioVersion = 17.7.34202.233
MinimumVisualStudioVersion = 10.0.40219.1
Project("{FAE04EC0-301F-11D3-BF4B-00C04F79EFBC}") = "Northwind.Maui.Blazor.WebApi.Service", "Northwind.Maui.Blazor.WebApi.Service\Northwind.Maui.Blazor.WebApi.Service.csproj", "{5CC05036-922F-4AF5-9598-C9B7D5913F68}"
EndProject
Global
	GlobalSection(SolutionConfigurationPlatforms) = preSolution
		Debug|Any CPU = Debug|Any CPU
		Release|Any CPU = Release|Any CPU
	EndGlobalSection
	GlobalSection(ProjectConfigurationPlatforms) = postSolution
		{5CC05036-922F-4AF5-9598-C9B7D5913F68}.Debug|Any CPU.ActiveCfg = Debug|Any CPU
		{5CC05036-922F-4AF5-9598-C9B7D5913F68}.Debug|Any CPU.Build.0 = Debug|Any CPU
		{5CC05036-922F-4AF5-9598-C9B7D5913F68}.Release|Any CPU.ActiveCfg = Release|Any CPU
		{5CC05036-922F-4AF5-9598-C9B7D5913F68}.Release|Any CPU.Build.0 = Release|Any CPU
	EndGlobalSection
	GlobalSection(SolutionProperties) = preSolution
		HideSolutionNode = FALSE
	EndGlobalSection
	GlobalSection(ExtensibilityGlobals) = postSolution
		SolutionGuid = {0C1F55D7-CE78-45CE-A215-B72E7C97C7D9}
	EndGlobalSection
EndGlobal
