
Microsoft Visual Studio Solution File, Format Version 12.00
# Visual Studio Version 17
VisualStudioVersion = 17.7.34202.233
MinimumVisualStudioVersion = 10.0.40219.1
Project("{FAE04EC0-301F-11D3-BF4B-00C04F79EFBC}") = "Northwind.Common", "Northwind.Common\Northwind.Common.csproj", "{C3313BB0-951D-4BAD-AB87-0E6408F0E55C}"
EndProject
Global
	GlobalSection(SolutionConfigurationPlatforms) = preSolution
		Debug|Any CPU = Debug|Any CPU
		Release|Any CPU = Release|Any CPU
	EndGlobalSection
	GlobalSection(ProjectConfigurationPlatforms) = postSolution
		{C3313BB0-951D-4BAD-AB87-0E6408F0E55C}.Debug|Any CPU.ActiveCfg = Debug|Any CPU
		{C3313BB0-951D-4BAD-AB87-0E6408F0E55C}.Debug|Any CPU.Build.0 = Debug|Any CPU
		{C3313BB0-951D-4BAD-AB87-0E6408F0E55C}.Release|Any CPU.ActiveCfg = Release|Any CPU
		{C3313BB0-951D-4BAD-AB87-0E6408F0E55C}.Release|Any CPU.Build.0 = Release|Any CPU
	EndGlobalSection
	GlobalSection(SolutionProperties) = preSolution
		HideSolutionNode = FALSE
	EndGlobalSection
	GlobalSection(ExtensibilityGlobals) = postSolution
		SolutionGuid = {D4616B73-6DA6-44F2-B5F0-426CB43A36B2}
	EndGlobalSection
EndGlobal
