
Microsoft Visual Studio Solution File, Format Version 12.00
# Visual Studio Version 17
VisualStudioVersion = 17.7.34202.233
MinimumVisualStudioVersion = 10.0.40219.1
Project("{FAE04EC0-301F-11D3-BF4B-00C04F79EFBC}") = "GeneratingCodeLib", "GeneratingCodeLib\GeneratingCodeLib.csproj", "{3BED7AD9-5C41-4F6F-ABF5-64BC590FC89B}"
EndProject
Global
	GlobalSection(SolutionConfigurationPlatforms) = preSolution
		Debug|Any CPU = Debug|Any CPU
		Release|Any CPU = Release|Any CPU
	EndGlobalSection
	GlobalSection(ProjectConfigurationPlatforms) = postSolution
		{3BED7AD9-5C41-4F6F-ABF5-64BC590FC89B}.Debug|Any CPU.ActiveCfg = Debug|Any CPU
		{3BED7AD9-5C41-4F6F-ABF5-64BC590FC89B}.Debug|Any CPU.Build.0 = Debug|Any CPU
		{3BED7AD9-5C41-4F6F-ABF5-64BC590FC89B}.Release|Any CPU.ActiveCfg = Release|Any CPU
		{3BED7AD9-5C41-4F6F-ABF5-64BC590FC89B}.Release|Any CPU.Build.0 = Release|Any CPU
	EndGlobalSection
	GlobalSection(SolutionProperties) = preSolution
		HideSolutionNode = FALSE
	EndGlobalSection
	GlobalSection(ExtensibilityGlobals) = postSolution
		SolutionGuid = {4176C108-1C05-4435-8F14-41EFAE146300}
	EndGlobalSection
EndGlobal
