
Microsoft Visual Studio Solution File, Format Version 12.00
# Visual Studio Version 17
VisualStudioVersion = 17.7.34202.233
MinimumVisualStudioVersion = 10.0.40219.1
Project("{FAE04EC0-301F-11D3-BF4B-00C04F79EFBC}") = "Serilogging", "Serilogging\Serilogging.csproj", "{8F24B06D-309F-4493-B176-F9336B84AE1C}"
EndProject
Global
	GlobalSection(SolutionConfigurationPlatforms) = preSolution
		Debug|Any CPU = Debug|Any CPU
		Release|Any CPU = Release|Any CPU
	EndGlobalSection
	GlobalSection(ProjectConfigurationPlatforms) = postSolution
		{8F24B06D-309F-4493-B176-F9336B84AE1C}.Debug|Any CPU.ActiveCfg = Debug|Any CPU
		{8F24B06D-309F-4493-B176-F9336B84AE1C}.Debug|Any CPU.Build.0 = Debug|Any CPU
		{8F24B06D-309F-4493-B176-F9336B84AE1C}.Release|Any CPU.ActiveCfg = Release|Any CPU
		{8F24B06D-309F-4493-B176-F9336B84AE1C}.Release|Any CPU.Build.0 = Release|Any CPU
	EndGlobalSection
	GlobalSection(SolutionProperties) = preSolution
		HideSolutionNode = FALSE
	EndGlobalSection
	GlobalSection(ExtensibilityGlobals) = postSolution
		SolutionGuid = {F9965FEE-BE60-4888-B87C-BD55FCF4A975}
	EndGlobalSection
EndGlobal
